
Microsoft Visual Studio Solution File, Format Version 12.00
# Visual Studio Version 16
VisualStudioVersion = 16.0.30104.148
MinimumVisualStudioVersion = 10.0.40219.1
Project("{FAE04EC0-301F-11D3-BF4B-00C04F79EFBC}") = "Algorithms", "Algorithms\Algorithms.csproj", "{C92701A1-2856-492E-BD7C-90D22A37EA1A}"
EndProject
Global
	GlobalSection(SolutionConfigurationPlatforms) = preSolution
		Debug|Any CPU = Debug|Any CPU
		Release|Any CPU = Release|Any CPU
	EndGlobalSection
	GlobalSection(ProjectConfigurationPlatforms) = postSolution
		{C92701A1-2856-492E-BD7C-90D22A37EA1A}.Debug|Any CPU.ActiveCfg = Debug|Any CPU
		{C92701A1-2856-492E-BD7C-90D22A37EA1A}.Debug|Any CPU.Build.0 = Debug|Any CPU
		{C92701A1-2856-492E-BD7C-90D22A37EA1A}.Release|Any CPU.ActiveCfg = Release|Any CPU
		{C92701A1-2856-492E-BD7C-90D22A37EA1A}.Release|Any CPU.Build.0 = Release|Any CPU
	EndGlobalSection
	GlobalSection(SolutionProperties) = preSolution
		HideSolutionNode = FALSE
	EndGlobalSection
	GlobalSection(ExtensibilityGlobals) = postSolution
		SolutionGuid = {38430503-1973-47A3-9418-7A6028AFAC57}
	EndGlobalSection
EndGlobal
